// !$*UTF8*$!
{
	archiveVersion = 1;
	classes = {
	};
	objectVersion = 46;
	objects = {

/* Begin PBXFileReference section */
		2BA310AD1CF4582C00F501CF /* KaspyCycler.cu */ = {isa = PBXFileReference; lastKnownFileType = text; path = KaspyCycler.cu; sourceTree = "<group>"; xcLanguageSpecificationIdentifier = xcode.lang.cpp; };
		2BA310AE1CF4582C00F501CF /* KaspyCycler.h */ = {isa = PBXFileReference; lastKnownFileType = sourcecode.c.h; path = KaspyCycler.h; sourceTree = "<group>"; };
		2BBBBB681CF4CE8E00629C93 /* Makefile.MacCUDA */ = {isa = PBXFileReference; lastKnownFileType = text; path = Makefile.MacCUDA; sourceTree = "<group>"; };
		2BE06F341CF3A78400038345 /* README.md */ = {isa = PBXFileReference; lastKnownFileType = net.daringfireball.markdown; path = README.md; sourceTree = "<group>"; };
		2BE06F361CF415A900038345 /* comblk.for */ = {isa = PBXFileReference; lastKnownFileType = sourcecode.fortran; path = comblk.for; sourceTree = "<group>"; };
		2BE06F371CF415A900038345 /* cycler.cpp */ = {isa = PBXFileReference; lastKnownFileType = sourcecode.cpp.cpp; path = cycler.cpp; sourceTree = "<group>"; };
		2BE06F381CF415A900038345 /* fortran_vars.h */ = {isa = PBXFileReference; lastKnownFileType = sourcecode.c.h; path = fortran_vars.h; sourceTree = "<group>"; };
		2BE06F391CF415A900038345 /* kaspy.for */ = {isa = PBXFileReference; lastKnownFileType = sourcecode.fortran; path = kaspy.for; sourceTree = "<group>"; };
		2BE06F3A1CF415A900038345 /* Makefile */ = {isa = PBXFileReference; lastKnownFileType = sourcecode.make; path = Makefile; sourceTree = "<group>"; };
		2BE06F3B1CF415A900038345 /* Makefile.cygwin */ = {isa = PBXFileReference; lastKnownFileType = text; path = Makefile.cygwin; sourceTree = "<group>"; };
		2BE06F3C1CF415A900038345 /* Makefile.MacOsNoCUDA */ = {isa = PBXFileReference; lastKnownFileType = text; path = Makefile.MacOsNoCUDA; sourceTree = "<group>"; };
/* End PBXFileReference section */

/* Begin PBXGroup section */
		2BE06F2D1CF38D9800038345 = {
			isa = PBXGroup;
			children = (
				2BE06F361CF415A900038345 /* comblk.for */,
				2BE06F371CF415A900038345 /* cycler.cpp */,
				2BA310AE1CF4582C00F501CF /* KaspyCycler.h */,
				2BA310AD1CF4582C00F501CF /* KaspyCycler.cu */,
				2BE06F381CF415A900038345 /* fortran_vars.h */,
				2BE06F391CF415A900038345 /* kaspy.for */,
				2BE06F3A1CF415A900038345 /* Makefile */,
				2BE06F3B1CF415A900038345 /* Makefile.cygwin */,
				2BBBBB681CF4CE8E00629C93 /* Makefile.MacCUDA */,
				2BE06F3C1CF415A900038345 /* Makefile.MacOsNoCUDA */,
				2BE06F341CF3A78400038345 /* README.md */,
			);
			sourceTree = "<group>";
		};
/* End PBXGroup section */

/* Begin PBXProject section */
		2BE06F2E1CF38D9800038345 /* Project object */ = {
			isa = PBXProject;
			attributes = {
				LastUpgradeCheck = 0730;
			};
			buildConfigurationList = 2BE06F311CF38D9800038345 /* Build configuration list for PBXProject "kaspy_cuda" */;
			compatibilityVersion = "Xcode 3.2";
			developmentRegion = English;
			hasScannedForEncodings = 0;
			knownRegions = (
				en,
			);
			mainGroup = 2BE06F2D1CF38D9800038345;
			projectDirPath = "";
			projectRoot = "";
			targets = (
			);
		};
/* End PBXProject section */

/* Begin XCBuildConfiguration section */
		2BE06F321CF38D9800038345 /* Debug */ = {
			isa = XCBuildConfiguration;
			buildSettings = {
			};
			name = Debug;
		};
		2BE06F331CF38D9800038345 /* Release */ = {
			isa = XCBuildConfiguration;
			buildSettings = {
			};
			name = Release;
		};
/* End XCBuildConfiguration section */

/* Begin XCConfigurationList section */
		2BE06F311CF38D9800038345 /* Build configuration list for PBXProject "kaspy_cuda" */ = {
			isa = XCConfigurationList;
			buildConfigurations = (
				2BE06F321CF38D9800038345 /* Debug */,
				2BE06F331CF38D9800038345 /* Release */,
			);
			defaultConfigurationIsVisible = 0;
			defaultConfigurationName = Release;
		};
/* End XCConfigurationList section */
	};
	rootObject = 2BE06F2E1CF38D9800038345 /* Project object */;
}
